
Microsoft Visual Studio Solution File, Format Version 12.00
# Visual Studio 2012
Project("{FAE04EC0-301F-11D3-BF4B-00C04F79EFBC}") = "Dapper.ColumnMapper", "Dapper.ColumnMapper\Dapper.ColumnMapper.csproj", "{741148E5-2A92-4AD5-9E21-309E838C3B29}"
EndProject
Project("{FAE04EC0-301F-11D3-BF4B-00C04F79EFBC}") = "Dapper.ColumnMapper.Tests", "Dapper.ColumnMapper.Tests\Dapper.ColumnMapper.Tests.csproj", "{B58D848C-8879-4E4E-AC20-4A98B1D05D3C}"
EndProject
Global
	GlobalSection(SolutionConfigurationPlatforms) = preSolution
		Debug|Any CPU = Debug|Any CPU
		Release|Any CPU = Release|Any CPU
	EndGlobalSection
	GlobalSection(ProjectConfigurationPlatforms) = postSolution
		{741148E5-2A92-4AD5-9E21-309E838C3B29}.Debug|Any CPU.ActiveCfg = Debug|Any CPU
		{741148E5-2A92-4AD5-9E21-309E838C3B29}.Debug|Any CPU.Build.0 = Debug|Any CPU
		{741148E5-2A92-4AD5-9E21-309E838C3B29}.Release|Any CPU.ActiveCfg = Release|Any CPU
		{741148E5-2A92-4AD5-9E21-309E838C3B29}.Release|Any CPU.Build.0 = Release|Any CPU
		{B58D848C-8879-4E4E-AC20-4A98B1D05D3C}.Debug|Any CPU.ActiveCfg = Debug|Any CPU
		{B58D848C-8879-4E4E-AC20-4A98B1D05D3C}.Debug|Any CPU.Build.0 = Debug|Any CPU
		{B58D848C-8879-4E4E-AC20-4A98B1D05D3C}.Release|Any CPU.ActiveCfg = Release|Any CPU
		{B58D848C-8879-4E4E-AC20-4A98B1D05D3C}.Release|Any CPU.Build.0 = Release|Any CPU
	EndGlobalSection
	GlobalSection(SolutionProperties) = preSolution
		HideSolutionNode = FALSE
	EndGlobalSection
EndGlobal
