
Microsoft Visual Studio Solution File, Format Version 12.00
# Visual Studio 15
VisualStudioVersion = 15.0.27130.2010
MinimumVisualStudioVersion = 10.0.40219.1
Project("{9A19103F-16F7-4668-BE54-9A1E7A4F7556}") = "Dapper.ColumnMapper", "Dapper.ColumnMapper\Dapper.ColumnMapper.csproj", "{E8A16FCA-773E-4F1A-BF37-E79BF1DD1435}"
EndProject
Project("{9A19103F-16F7-4668-BE54-9A1E7A4F7556}") = "Dapper.ColumnMapper.Tests", "Dapper.ColumnMapper.Tests\Dapper.ColumnMapper.Tests.csproj", "{A2CE9D2C-32DC-4FF1-B157-CB6AFD95B118}"
EndProject
Global
	GlobalSection(SolutionConfigurationPlatforms) = preSolution
		Debug|Any CPU = Debug|Any CPU
		Release|Any CPU = Release|Any CPU
	EndGlobalSection
	GlobalSection(ProjectConfigurationPlatforms) = postSolution
		{E8A16FCA-773E-4F1A-BF37-E79BF1DD1435}.Debug|Any CPU.ActiveCfg = Debug|Any CPU
		{E8A16FCA-773E-4F1A-BF37-E79BF1DD1435}.Debug|Any CPU.Build.0 = Debug|Any CPU
		{E8A16FCA-773E-4F1A-BF37-E79BF1DD1435}.Release|Any CPU.ActiveCfg = Release|Any CPU
		{E8A16FCA-773E-4F1A-BF37-E79BF1DD1435}.Release|Any CPU.Build.0 = Release|Any CPU
		{A2CE9D2C-32DC-4FF1-B157-CB6AFD95B118}.Debug|Any CPU.ActiveCfg = Debug|Any CPU
		{A2CE9D2C-32DC-4FF1-B157-CB6AFD95B118}.Debug|Any CPU.Build.0 = Debug|Any CPU
		{A2CE9D2C-32DC-4FF1-B157-CB6AFD95B118}.Release|Any CPU.ActiveCfg = Release|Any CPU
		{A2CE9D2C-32DC-4FF1-B157-CB6AFD95B118}.Release|Any CPU.Build.0 = Release|Any CPU
	EndGlobalSection
	GlobalSection(SolutionProperties) = preSolution
		HideSolutionNode = FALSE
	EndGlobalSection
	GlobalSection(ExtensibilityGlobals) = postSolution
		SolutionGuid = {6B821A87-1819-429B-BFDD-CE5AF2724DAA}
	EndGlobalSection
EndGlobal
